
Microsoft Visual Studio Solution File, Format Version 12.00
# Visual Studio Version 16
VisualStudioVersion = 16.0.31424.327
MinimumVisualStudioVersion = 10.0.40219.1
Project("{9A19103F-16F7-4668-BE54-9A1E7A4F7556}") = "Mankalari", "Mankalari.csproj", "{81EEFECF-094F-4FCF-B642-E3EF20B76C91}"
EndProject
Project("{FAE04EC0-301F-11D3-BF4B-00C04F79EFBC}") = "ConsoleAppli", "..\ConsoleAppli\ConsoleAppli.csproj", "{18755AE2-568D-48F6-AE25-AAB463A99B71}"
EndProject
Project("{FAE04EC0-301F-11D3-BF4B-00C04F79EFBC}") = "ClassLibrary1", "ClassLibrary1\ClassLibrary1.csproj", "{57A084B5-A5BA-4FF7-A82F-C747F91C0EB4}"
EndProject
Global
	GlobalSection(SolutionConfigurationPlatforms) = preSolution
		Debug|Any CPU = Debug|Any CPU
		Release|Any CPU = Release|Any CPU
	EndGlobalSection
	GlobalSection(ProjectConfigurationPlatforms) = postSolution
		{81EEFECF-094F-4FCF-B642-E3EF20B76C91}.Debug|Any CPU.ActiveCfg = Debug|Any CPU
		{81EEFECF-094F-4FCF-B642-E3EF20B76C91}.Debug|Any CPU.Build.0 = Debug|Any CPU
		{81EEFECF-094F-4FCF-B642-E3EF20B76C91}.Release|Any CPU.ActiveCfg = Release|Any CPU
		{81EEFECF-094F-4FCF-B642-E3EF20B76C91}.Release|Any CPU.Build.0 = Release|Any CPU
		{18755AE2-568D-48F6-AE25-AAB463A99B71}.Debug|Any CPU.ActiveCfg = Debug|Any CPU
		{18755AE2-568D-48F6-AE25-AAB463A99B71}.Debug|Any CPU.Build.0 = Debug|Any CPU
		{18755AE2-568D-48F6-AE25-AAB463A99B71}.Release|Any CPU.ActiveCfg = Release|Any CPU
		{18755AE2-568D-48F6-AE25-AAB463A99B71}.Release|Any CPU.Build.0 = Release|Any CPU
		{57A084B5-A5BA-4FF7-A82F-C747F91C0EB4}.Debug|Any CPU.ActiveCfg = Debug|Any CPU
		{57A084B5-A5BA-4FF7-A82F-C747F91C0EB4}.Debug|Any CPU.Build.0 = Debug|Any CPU
		{57A084B5-A5BA-4FF7-A82F-C747F91C0EB4}.Release|Any CPU.ActiveCfg = Release|Any CPU
		{57A084B5-A5BA-4FF7-A82F-C747F91C0EB4}.Release|Any CPU.Build.0 = Release|Any CPU
	EndGlobalSection
	GlobalSection(SolutionProperties) = preSolution
		HideSolutionNode = FALSE
	EndGlobalSection
	GlobalSection(ExtensibilityGlobals) = postSolution
		SolutionGuid = {4B17A32E-02A8-49A1-815F-5705DBCF8208}
	EndGlobalSection
EndGlobal
